// !$*UTF8*$!
{
	archiveVersion = 1;
	classes = {
	};
	objectVersion = 51;
	objects = {

/* Begin PBXBuildFile section */
		37D065E64E96DC3A7D4470EB /* Pods_CleanToDo.framework in Frameworks */ = {isa = PBXBuildFile; fileRef = ED24F98968E14DB4B14EB915 /* Pods_CleanToDo.framework */; };
		4E80588C25B6E96D00FC9776 /* AppDelegate.swift in Sources */ = {isa = PBXBuildFile; fileRef = 4E80588B25B6E96D00FC9776 /* AppDelegate.swift */; };
		4E80588E25B6E96D00FC9776 /* SceneDelegate.swift in Sources */ = {isa = PBXBuildFile; fileRef = 4E80588D25B6E96D00FC9776 /* SceneDelegate.swift */; };
		4E80589025B6E96D00FC9776 /* ListTodoViewController.swift in Sources */ = {isa = PBXBuildFile; fileRef = 4E80588F25B6E96D00FC9776 /* ListTodoViewController.swift */; };
		4E80589325B6E96D00FC9776 /* Main.storyboard in Resources */ = {isa = PBXBuildFile; fileRef = 4E80589125B6E96D00FC9776 /* Main.storyboard */; };
		4E80589525B6E96E00FC9776 /* Assets.xcassets in Resources */ = {isa = PBXBuildFile; fileRef = 4E80589425B6E96E00FC9776 /* Assets.xcassets */; };
		4E80589825B6E96E00FC9776 /* LaunchScreen.storyboard in Resources */ = {isa = PBXBuildFile; fileRef = 4E80589625B6E96E00FC9776 /* LaunchScreen.storyboard */; };
		4E8058A325B6E96E00FC9776 /* CleanToDoTests.swift in Sources */ = {isa = PBXBuildFile; fileRef = 4E8058A225B6E96E00FC9776 /* CleanToDoTests.swift */; };
		4E8058AE25B6E96E00FC9776 /* CleanToDoUITests.swift in Sources */ = {isa = PBXBuildFile; fileRef = 4E8058AD25B6E96E00FC9776 /* CleanToDoUITests.swift */; };
		4E9C0DE225B6EEF20045F522 /* ListTodoPresenter.swift in Sources */ = {isa = PBXBuildFile; fileRef = 4E9C0DE125B6EEF20045F522 /* ListTodoPresenter.swift */; };
		4E9C0DE725B6EF120045F522 /* ListTodoInteractor.swift in Sources */ = {isa = PBXBuildFile; fileRef = 4E9C0DE625B6EF120045F522 /* ListTodoInteractor.swift */; };
		4E9C0DEC25B6EF240045F522 /* ListTodoModel.swift in Sources */ = {isa = PBXBuildFile; fileRef = 4E9C0DEB25B6EF240045F522 /* ListTodoModel.swift */; };
		4E9C0DF125B6EF3E0045F522 /* ListTodoRouter.swift in Sources */ = {isa = PBXBuildFile; fileRef = 4E9C0DF025B6EF3E0045F522 /* ListTodoRouter.swift */; };
		4E9C0DF625B6EF8D0045F522 /* BaseLocal.swift in Sources */ = {isa = PBXBuildFile; fileRef = 4E9C0DF525B6EF8D0045F522 /* BaseLocal.swift */; };
		4E9C0E0525B6F1220045F522 /* TodoLocal.swift in Sources */ = {isa = PBXBuildFile; fileRef = 4E9C0E0425B6F1220045F522 /* TodoLocal.swift */; };
		4E9C0E0A25B6F12B0045F522 /* TodoWorker.swift in Sources */ = {isa = PBXBuildFile; fileRef = 4E9C0E0925B6F12B0045F522 /* TodoWorker.swift */; };
		4E9C0E1225B6F1440045F522 /* Todo.swift in Sources */ = {isa = PBXBuildFile; fileRef = 4E9C0E1125B6F1440045F522 /* Todo.swift */; };
		4E9C0E1A25B6F5360045F522 /* DateExtension.swift in Sources */ = {isa = PBXBuildFile; fileRef = 4E9C0E1925B6F5360045F522 /* DateExtension.swift */; };
		4E9C0E1F25B6F53F0045F522 /* StringExtension.swift in Sources */ = {isa = PBXBuildFile; fileRef = 4E9C0E1E25B6F53F0045F522 /* StringExtension.swift */; };
		4E9C0E2525B6F9030045F522 /* TDError.swift in Sources */ = {isa = PBXBuildFile; fileRef = 4E9C0E2425B6F9030045F522 /* TDError.swift */; };
		4E9C0E2E25B7008C0045F522 /* AddTodoViewController.swift in Sources */ = {isa = PBXBuildFile; fileRef = 4E9C0E2D25B7008C0045F522 /* AddTodoViewController.swift */; };
		4E9C0E3625B700970045F522 /* DetailTodoViewController.swift in Sources */ = {isa = PBXBuildFile; fileRef = 4E9C0E3525B700970045F522 /* DetailTodoViewController.swift */; };
		4E9C0E3B25B70D010045F522 /* AddTodoPresenter.swift in Sources */ = {isa = PBXBuildFile; fileRef = 4E9C0E3A25B70D010045F522 /* AddTodoPresenter.swift */; };
		4E9C0E4025B70D190045F522 /* AddTodoInteractor.swift in Sources */ = {isa = PBXBuildFile; fileRef = 4E9C0E3F25B70D190045F522 /* AddTodoInteractor.swift */; };
		4E9C0E4525B70D260045F522 /* AddTodoModel.swift in Sources */ = {isa = PBXBuildFile; fileRef = 4E9C0E4425B70D260045F522 /* AddTodoModel.swift */; };
		4E9C0E4A25B70D300045F522 /* AddTodoRouter.swift in Sources */ = {isa = PBXBuildFile; fileRef = 4E9C0E4925B70D300045F522 /* AddTodoRouter.swift */; };
		4E9C0E4F25B70D3B0045F522 /* DetailTodoPresenter.swift in Sources */ = {isa = PBXBuildFile; fileRef = 4E9C0E4E25B70D3B0045F522 /* DetailTodoPresenter.swift */; };
		4E9C0E5425B70D460045F522 /* DetailTodoInteractor.swift in Sources */ = {isa = PBXBuildFile; fileRef = 4E9C0E5325B70D460045F522 /* DetailTodoInteractor.swift */; };
		4E9C0E5925B70D4E0045F522 /* DetailTodoModel.swift in Sources */ = {isa = PBXBuildFile; fileRef = 4E9C0E5825B70D4E0045F522 /* DetailTodoModel.swift */; };
		4E9C0E5E25B70D560045F522 /* DetailTodoRouter.swift in Sources */ = {isa = PBXBuildFile; fileRef = 4E9C0E5D25B70D560045F522 /* DetailTodoRouter.swift */; };
		4E9C0E6425B821800045F522 /* TodoCell.swift in Sources */ = {isa = PBXBuildFile; fileRef = 4E9C0E6325B821800045F522 /* TodoCell.swift */; };
		A7391707EA6BA5CA91D6B9CD /* Pods_CleanToDo_CleanToDoUITests.framework in Frameworks */ = {isa = PBXBuildFile; fileRef = D9D2CFD55E207C9E1BA1D7B8 /* Pods_CleanToDo_CleanToDoUITests.framework */; };
		D979425E435AD80B7437627C /* Pods_CleanToDoTests.framework in Frameworks */ = {isa = PBXBuildFile; fileRef = F1A0F0AE5138807D32BD0FCC /* Pods_CleanToDoTests.framework */; };
/* End PBXBuildFile section */

/* Begin PBXContainerItemProxy section */
		4E80589F25B6E96E00FC9776 /* PBXContainerItemProxy */ = {
			isa = PBXContainerItemProxy;
			containerPortal = 4E80588025B6E96D00FC9776 /* Project object */;
			proxyType = 1;
			remoteGlobalIDString = 4E80588725B6E96D00FC9776;
			remoteInfo = CleanToDo;
		};
		4E8058AA25B6E96E00FC9776 /* PBXContainerItemProxy */ = {
			isa = PBXContainerItemProxy;
			containerPortal = 4E80588025B6E96D00FC9776 /* Project object */;
			proxyType = 1;
			remoteGlobalIDString = 4E80588725B6E96D00FC9776;
			remoteInfo = CleanToDo;
		};
/* End PBXContainerItemProxy section */

/* Begin PBXFileReference section */
		0323197520960D100E9B919A /* Pods-CleanToDo-CleanToDoUITests.release.xcconfig */ = {isa = PBXFileReference; includeInIndex = 1; lastKnownFileType = text.xcconfig; name = "Pods-CleanToDo-CleanToDoUITests.release.xcconfig"; path = "Target Support Files/Pods-CleanToDo-CleanToDoUITests/Pods-CleanToDo-CleanToDoUITests.release.xcconfig"; sourceTree = "<group>"; };
		4E80588825B6E96D00FC9776 /* CleanToDo.app */ = {isa = PBXFileReference; explicitFileType = wrapper.application; includeInIndex = 0; path = CleanToDo.app; sourceTree = BUILT_PRODUCTS_DIR; };
		4E80588B25B6E96D00FC9776 /* AppDelegate.swift */ = {isa = PBXFileReference; lastKnownFileType = sourcecode.swift; path = AppDelegate.swift; sourceTree = "<group>"; };
		4E80588D25B6E96D00FC9776 /* SceneDelegate.swift */ = {isa = PBXFileReference; lastKnownFileType = sourcecode.swift; path = SceneDelegate.swift; sourceTree = "<group>"; };
		4E80588F25B6E96D00FC9776 /* ListTodoViewController.swift */ = {isa = PBXFileReference; lastKnownFileType = sourcecode.swift; path = ListTodoViewController.swift; sourceTree = "<group>"; };
		4E80589225B6E96D00FC9776 /* Base */ = {isa = PBXFileReference; lastKnownFileType = file.storyboard; name = Base; path = Base.lproj/Main.storyboard; sourceTree = "<group>"; };
		4E80589425B6E96E00FC9776 /* Assets.xcassets */ = {isa = PBXFileReference; lastKnownFileType = folder.assetcatalog; path = Assets.xcassets; sourceTree = "<group>"; };
		4E80589725B6E96E00FC9776 /* Base */ = {isa = PBXFileReference; lastKnownFileType = file.storyboard; name = Base; path = Base.lproj/LaunchScreen.storyboard; sourceTree = "<group>"; };
		4E80589925B6E96E00FC9776 /* Info.plist */ = {isa = PBXFileReference; lastKnownFileType = text.plist.xml; path = Info.plist; sourceTree = "<group>"; };
		4E80589E25B6E96E00FC9776 /* CleanToDoTests.xctest */ = {isa = PBXFileReference; explicitFileType = wrapper.cfbundle; includeInIndex = 0; path = CleanToDoTests.xctest; sourceTree = BUILT_PRODUCTS_DIR; };
		4E8058A225B6E96E00FC9776 /* CleanToDoTests.swift */ = {isa = PBXFileReference; lastKnownFileType = sourcecode.swift; path = CleanToDoTests.swift; sourceTree = "<group>"; };
		4E8058A425B6E96E00FC9776 /* Info.plist */ = {isa = PBXFileReference; lastKnownFileType = text.plist.xml; path = Info.plist; sourceTree = "<group>"; };
		4E8058A925B6E96E00FC9776 /* CleanToDoUITests.xctest */ = {isa = PBXFileReference; explicitFileType = wrapper.cfbundle; includeInIndex = 0; path = CleanToDoUITests.xctest; sourceTree = BUILT_PRODUCTS_DIR; };
		4E8058AD25B6E96E00FC9776 /* CleanToDoUITests.swift */ = {isa = PBXFileReference; lastKnownFileType = sourcecode.swift; path = CleanToDoUITests.swift; sourceTree = "<group>"; };
		4E8058AF25B6E96E00FC9776 /* Info.plist */ = {isa = PBXFileReference; lastKnownFileType = text.plist.xml; path = Info.plist; sourceTree = "<group>"; };
		4E9C0DE125B6EEF20045F522 /* ListTodoPresenter.swift */ = {isa = PBXFileReference; lastKnownFileType = sourcecode.swift; path = ListTodoPresenter.swift; sourceTree = "<group>"; };
		4E9C0DE625B6EF120045F522 /* ListTodoInteractor.swift */ = {isa = PBXFileReference; lastKnownFileType = sourcecode.swift; path = ListTodoInteractor.swift; sourceTree = "<group>"; };
		4E9C0DEB25B6EF240045F522 /* ListTodoModel.swift */ = {isa = PBXFileReference; lastKnownFileType = sourcecode.swift; path = ListTodoModel.swift; sourceTree = "<group>"; };
		4E9C0DF025B6EF3E0045F522 /* ListTodoRouter.swift */ = {isa = PBXFileReference; lastKnownFileType = sourcecode.swift; path = ListTodoRouter.swift; sourceTree = "<group>"; };
		4E9C0DF525B6EF8D0045F522 /* BaseLocal.swift */ = {isa = PBXFileReference; lastKnownFileType = sourcecode.swift; path = BaseLocal.swift; sourceTree = "<group>"; };
		4E9C0E0425B6F1220045F522 /* TodoLocal.swift */ = {isa = PBXFileReference; lastKnownFileType = sourcecode.swift; path = TodoLocal.swift; sourceTree = "<group>"; };
		4E9C0E0925B6F12B0045F522 /* TodoWorker.swift */ = {isa = PBXFileReference; lastKnownFileType = sourcecode.swift; path = TodoWorker.swift; sourceTree = "<group>"; };
		4E9C0E1125B6F1440045F522 /* Todo.swift */ = {isa = PBXFileReference; lastKnownFileType = sourcecode.swift; path = Todo.swift; sourceTree = "<group>"; };
		4E9C0E1925B6F5360045F522 /* DateExtension.swift */ = {isa = PBXFileReference; lastKnownFileType = sourcecode.swift; path = DateExtension.swift; sourceTree = "<group>"; };
		4E9C0E1E25B6F53F0045F522 /* StringExtension.swift */ = {isa = PBXFileReference; lastKnownFileType = sourcecode.swift; path = StringExtension.swift; sourceTree = "<group>"; };
		4E9C0E2425B6F9030045F522 /* TDError.swift */ = {isa = PBXFileReference; lastKnownFileType = sourcecode.swift; path = TDError.swift; sourceTree = "<group>"; };
		4E9C0E2D25B7008C0045F522 /* AddTodoViewController.swift */ = {isa = PBXFileReference; lastKnownFileType = sourcecode.swift; path = AddTodoViewController.swift; sourceTree = "<group>"; };
		4E9C0E3525B700970045F522 /* DetailTodoViewController.swift */ = {isa = PBXFileReference; lastKnownFileType = sourcecode.swift; path = DetailTodoViewController.swift; sourceTree = "<group>"; };
		4E9C0E3A25B70D010045F522 /* AddTodoPresenter.swift */ = {isa = PBXFileReference; lastKnownFileType = sourcecode.swift; path = AddTodoPresenter.swift; sourceTree = "<group>"; };
		4E9C0E3F25B70D190045F522 /* AddTodoInteractor.swift */ = {isa = PBXFileReference; lastKnownFileType = sourcecode.swift; path = AddTodoInteractor.swift; sourceTree = "<group>"; };
		4E9C0E4425B70D260045F522 /* AddTodoModel.swift */ = {isa = PBXFileReference; lastKnownFileType = sourcecode.swift; path = AddTodoModel.swift; sourceTree = "<group>"; };
		4E9C0E4925B70D300045F522 /* AddTodoRouter.swift */ = {isa = PBXFileReference; lastKnownFileType = sourcecode.swift; path = AddTodoRouter.swift; sourceTree = "<group>"; };
		4E9C0E4E25B70D3B0045F522 /* DetailTodoPresenter.swift */ = {isa = PBXFileReference; lastKnownFileType = sourcecode.swift; path = DetailTodoPresenter.swift; sourceTree = "<group>"; };
		4E9C0E5325B70D460045F522 /* DetailTodoInteractor.swift */ = {isa = PBXFileReference; lastKnownFileType = sourcecode.swift; path = DetailTodoInteractor.swift; sourceTree = "<group>"; };
		4E9C0E5825B70D4E0045F522 /* DetailTodoModel.swift */ = {isa = PBXFileReference; lastKnownFileType = sourcecode.swift; path = DetailTodoModel.swift; sourceTree = "<group>"; };
		4E9C0E5D25B70D560045F522 /* DetailTodoRouter.swift */ = {isa = PBXFileReference; lastKnownFileType = sourcecode.swift; path = DetailTodoRouter.swift; sourceTree = "<group>"; };
		4E9C0E6325B821800045F522 /* TodoCell.swift */ = {isa = PBXFileReference; lastKnownFileType = sourcecode.swift; path = TodoCell.swift; sourceTree = "<group>"; };
		64F127B966A30E9E557283E6 /* Pods-CleanToDoTests.release.xcconfig */ = {isa = PBXFileReference; includeInIndex = 1; lastKnownFileType = text.xcconfig; name = "Pods-CleanToDoTests.release.xcconfig"; path = "Target Support Files/Pods-CleanToDoTests/Pods-CleanToDoTests.release.xcconfig"; sourceTree = "<group>"; };
		79052806509300F147CB3C52 /* Pods-CleanToDo.release.xcconfig */ = {isa = PBXFileReference; includeInIndex = 1; lastKnownFileType = text.xcconfig; name = "Pods-CleanToDo.release.xcconfig"; path = "Target Support Files/Pods-CleanToDo/Pods-CleanToDo.release.xcconfig"; sourceTree = "<group>"; };
		8B29C153555E432C71265CDC /* Pods-CleanToDo.debug.xcconfig */ = {isa = PBXFileReference; includeInIndex = 1; lastKnownFileType = text.xcconfig; name = "Pods-CleanToDo.debug.xcconfig"; path = "Target Support Files/Pods-CleanToDo/Pods-CleanToDo.debug.xcconfig"; sourceTree = "<group>"; };
		C68528440C66ACB298C9C357 /* Pods-CleanToDo-CleanToDoUITests.debug.xcconfig */ = {isa = PBXFileReference; includeInIndex = 1; lastKnownFileType = text.xcconfig; name = "Pods-CleanToDo-CleanToDoUITests.debug.xcconfig"; path = "Target Support Files/Pods-CleanToDo-CleanToDoUITests/Pods-CleanToDo-CleanToDoUITests.debug.xcconfig"; sourceTree = "<group>"; };
		D9D2CFD55E207C9E1BA1D7B8 /* Pods_CleanToDo_CleanToDoUITests.framework */ = {isa = PBXFileReference; explicitFileType = wrapper.framework; includeInIndex = 0; path = Pods_CleanToDo_CleanToDoUITests.framework; sourceTree = BUILT_PRODUCTS_DIR; };
		E44AD2627228A85DB00DD3FF /* Pods-CleanToDoTests.debug.xcconfig */ = {isa = PBXFileReference; includeInIndex = 1; lastKnownFileType = text.xcconfig; name = "Pods-CleanToDoTests.debug.xcconfig"; path = "Target Support Files/Pods-CleanToDoTests/Pods-CleanToDoTests.debug.xcconfig"; sourceTree = "<group>"; };
		ED24F98968E14DB4B14EB915 /* Pods_CleanToDo.framework */ = {isa = PBXFileReference; explicitFileType = wrapper.framework; includeInIndex = 0; path = Pods_CleanToDo.framework; sourceTree = BUILT_PRODUCTS_DIR; };
		F1A0F0AE5138807D32BD0FCC /* Pods_CleanToDoTests.framework */ = {isa = PBXFileReference; explicitFileType = wrapper.framework; includeInIndex = 0; path = Pods_CleanToDoTests.framework; sourceTree = BUILT_PRODUCTS_DIR; };
/* End PBXFileReference section */

/* Begin PBXFrameworksBuildPhase section */
		4E80588525B6E96D00FC9776 /* Frameworks */ = {
			isa = PBXFrameworksBuildPhase;
			buildActionMask = 2147483647;
			files = (
				37D065E64E96DC3A7D4470EB /* Pods_CleanToDo.framework in Frameworks */,
			);
			runOnlyForDeploymentPostprocessing = 0;
		};
		4E80589B25B6E96E00FC9776 /* Frameworks */ = {
			isa = PBXFrameworksBuildPhase;
			buildActionMask = 2147483647;
			files = (
				D979425E435AD80B7437627C /* Pods_CleanToDoTests.framework in Frameworks */,
			);
			runOnlyForDeploymentPostprocessing = 0;
		};
		4E8058A625B6E96E00FC9776 /* Frameworks */ = {
			isa = PBXFrameworksBuildPhase;
			buildActionMask = 2147483647;
			files = (
				A7391707EA6BA5CA91D6B9CD /* Pods_CleanToDo_CleanToDoUITests.framework in Frameworks */,
			);
			runOnlyForDeploymentPostprocessing = 0;
		};
/* End PBXFrameworksBuildPhase section */

/* Begin PBXGroup section */
		1D3BB3F665627616EEB29BC0 /* Frameworks */ = {
			isa = PBXGroup;
			children = (
				ED24F98968E14DB4B14EB915 /* Pods_CleanToDo.framework */,
				D9D2CFD55E207C9E1BA1D7B8 /* Pods_CleanToDo_CleanToDoUITests.framework */,
				F1A0F0AE5138807D32BD0FCC /* Pods_CleanToDoTests.framework */,
			);
			name = Frameworks;
			sourceTree = "<group>";
		};
		4E80587F25B6E96C00FC9776 = {
			isa = PBXGroup;
			children = (
				4E80588A25B6E96D00FC9776 /* CleanToDo */,
				4E8058A125B6E96E00FC9776 /* CleanToDoTests */,
				4E8058AC25B6E96E00FC9776 /* CleanToDoUITests */,
				4E80588925B6E96D00FC9776 /* Products */,
				F2C56B19D46A2A11D810A0D8 /* Pods */,
				1D3BB3F665627616EEB29BC0 /* Frameworks */,
			);
			sourceTree = "<group>";
		};
		4E80588925B6E96D00FC9776 /* Products */ = {
			isa = PBXGroup;
			children = (
				4E80588825B6E96D00FC9776 /* CleanToDo.app */,
				4E80589E25B6E96E00FC9776 /* CleanToDoTests.xctest */,
				4E8058A925B6E96E00FC9776 /* CleanToDoUITests.xctest */,
			);
			name = Products;
			sourceTree = "<group>";
		};
		4E80588A25B6E96D00FC9776 /* CleanToDo */ = {
			isa = PBXGroup;
			children = (
				4E9C0E1725B6F4FC0045F522 /* Etc */,
				4E9C0DDA25B6EDF90045F522 /* Delegates */,
				4E9C0DD925B6EDF00045F522 /* Services */,
				4E9C0DD825B6EDE50045F522 /* Workers */,
				4E9C0DD725B6EDCD0045F522 /* Scenes */,
				4E9C0DD625B6EDC70045F522 /* Models */,
				4E9C0DD525B6EDBE0045F522 /* Bases */,
				4E80589425B6E96E00FC9776 /* Assets.xcassets */,
				4E80589625B6E96E00FC9776 /* LaunchScreen.storyboard */,
				4E80589925B6E96E00FC9776 /* Info.plist */,
			);
			path = CleanToDo;
			sourceTree = "<group>";
		};
		4E8058A125B6E96E00FC9776 /* CleanToDoTests */ = {
			isa = PBXGroup;
			children = (
				4E8058A225B6E96E00FC9776 /* CleanToDoTests.swift */,
				4E8058A425B6E96E00FC9776 /* Info.plist */,
			);
			path = CleanToDoTests;
			sourceTree = "<group>";
		};
		4E8058AC25B6E96E00FC9776 /* CleanToDoUITests */ = {
			isa = PBXGroup;
			children = (
				4E8058AD25B6E96E00FC9776 /* CleanToDoUITests.swift */,
				4E8058AF25B6E96E00FC9776 /* Info.plist */,
			);
			path = CleanToDoUITests;
			sourceTree = "<group>";
		};
		4E9C0DD525B6EDBE0045F522 /* Bases */ = {
			isa = PBXGroup;
			children = (
				4E9C0DF525B6EF8D0045F522 /* BaseLocal.swift */,
			);
			path = Bases;
			sourceTree = "<group>";
		};
		4E9C0DD625B6EDC70045F522 /* Models */ = {
			isa = PBXGroup;
			children = (
				4E9C0E1125B6F1440045F522 /* Todo.swift */,
			);
			path = Models;
			sourceTree = "<group>";
		};
		4E9C0DD725B6EDCD0045F522 /* Scenes */ = {
			isa = PBXGroup;
			children = (
				4E80589125B6E96D00FC9776 /* Main.storyboard */,
				4E9C0DDD25B6EE550045F522 /* AddTodo */,
				4E9C0DDC25B6EE4C0045F522 /* DetailTodo */,
				4E9C0DDB25B6EE070045F522 /* ListTodo */,
			);
			path = Scenes;
			sourceTree = "<group>";
		};
		4E9C0DD825B6EDE50045F522 /* Workers */ = {
			isa = PBXGroup;
			children = (
				4E9C0E0925B6F12B0045F522 /* TodoWorker.swift */,
			);
			path = Workers;
			sourceTree = "<group>";
		};
		4E9C0DD925B6EDF00045F522 /* Services */ = {
			isa = PBXGroup;
			children = (
				4E9C0E2925B6FB630045F522 /* APIs */,
				4E9C0E0325B6F10D0045F522 /* Locals */,
			);
			path = Services;
			sourceTree = "<group>";
		};
		4E9C0DDA25B6EDF90045F522 /* Delegates */ = {
			isa = PBXGroup;
			children = (
				4E80588B25B6E96D00FC9776 /* AppDelegate.swift */,
				4E80588D25B6E96D00FC9776 /* SceneDelegate.swift */,
			);
			path = Delegates;
			sourceTree = "<group>";
		};
		4E9C0DDB25B6EE070045F522 /* ListTodo */ = {
			isa = PBXGroup;
			children = (
				4E9C0E6225B821700045F522 /* Cells */,
				4E80588F25B6E96D00FC9776 /* ListTodoViewController.swift */,
				4E9C0DE125B6EEF20045F522 /* ListTodoPresenter.swift */,
				4E9C0DE625B6EF120045F522 /* ListTodoInteractor.swift */,
				4E9C0DEB25B6EF240045F522 /* ListTodoModel.swift */,
				4E9C0DF025B6EF3E0045F522 /* ListTodoRouter.swift */,
			);
			path = ListTodo;
			sourceTree = "<group>";
		};
		4E9C0DDC25B6EE4C0045F522 /* DetailTodo */ = {
			isa = PBXGroup;
			children = (
				4E9C0E3525B700970045F522 /* DetailTodoViewController.swift */,
				4E9C0E4E25B70D3B0045F522 /* DetailTodoPresenter.swift */,
				4E9C0E5325B70D460045F522 /* DetailTodoInteractor.swift */,
				4E9C0E5825B70D4E0045F522 /* DetailTodoModel.swift */,
				4E9C0E5D25B70D560045F522 /* DetailTodoRouter.swift */,
			);
			path = DetailTodo;
			sourceTree = "<group>";
		};
		4E9C0DDD25B6EE550045F522 /* AddTodo */ = {
			isa = PBXGroup;
			children = (
				4E9C0E2D25B7008C0045F522 /* AddTodoViewController.swift */,
				4E9C0E3A25B70D010045F522 /* AddTodoPresenter.swift */,
				4E9C0E3F25B70D190045F522 /* AddTodoInteractor.swift */,
				4E9C0E4425B70D260045F522 /* AddTodoModel.swift */,
				4E9C0E4925B70D300045F522 /* AddTodoRouter.swift */,
			);
			path = AddTodo;
			sourceTree = "<group>";
		};
		4E9C0E0325B6F10D0045F522 /* Locals */ = {
			isa = PBXGroup;
			children = (
				4E9C0E0425B6F1220045F522 /* TodoLocal.swift */,
			);
			path = Locals;
			sourceTree = "<group>";
		};
		4E9C0E1725B6F4FC0045F522 /* Etc */ = {
			isa = PBXGroup;
			children = (
				4E9C0E2325B6F8E40045F522 /* Errors */,
				4E9C0E1825B6F51A0045F522 /* Extensions */,
			);
			path = Etc;
			sourceTree = "<group>";
		};
		4E9C0E1825B6F51A0045F522 /* Extensions */ = {
			isa = PBXGroup;
			children = (
				4E9C0E1925B6F5360045F522 /* DateExtension.swift */,
				4E9C0E1E25B6F53F0045F522 /* StringExtension.swift */,
			);
			path = Extensions;
			sourceTree = "<group>";
		};
		4E9C0E2325B6F8E40045F522 /* Errors */ = {
			isa = PBXGroup;
			children = (
				4E9C0E2425B6F9030045F522 /* TDError.swift */,
			);
			path = Errors;
			sourceTree = "<group>";
		};
		4E9C0E2925B6FB630045F522 /* APIs */ = {
			isa = PBXGroup;
			children = (
			);
			path = APIs;
			sourceTree = "<group>";
		};
		4E9C0E6225B821700045F522 /* Cells */ = {
			isa = PBXGroup;
			children = (
				4E9C0E6325B821800045F522 /* TodoCell.swift */,
			);
			path = Cells;
			sourceTree = "<group>";
		};
		F2C56B19D46A2A11D810A0D8 /* Pods */ = {
			isa = PBXGroup;
			children = (
				8B29C153555E432C71265CDC /* Pods-CleanToDo.debug.xcconfig */,
				79052806509300F147CB3C52 /* Pods-CleanToDo.release.xcconfig */,
				C68528440C66ACB298C9C357 /* Pods-CleanToDo-CleanToDoUITests.debug.xcconfig */,
				0323197520960D100E9B919A /* Pods-CleanToDo-CleanToDoUITests.release.xcconfig */,
				E44AD2627228A85DB00DD3FF /* Pods-CleanToDoTests.debug.xcconfig */,
				64F127B966A30E9E557283E6 /* Pods-CleanToDoTests.release.xcconfig */,
			);
			path = Pods;
			sourceTree = "<group>";
		};
/* End PBXGroup section */

/* Begin PBXNativeTarget section */
		4E80588725B6E96D00FC9776 /* CleanToDo */ = {
			isa = PBXNativeTarget;
			buildConfigurationList = 4E8058B225B6E96E00FC9776 /* Build configuration list for PBXNativeTarget "CleanToDo" */;
			buildPhases = (
				0818C4E5A2910DB4C96738B3 /* [CP] Check Pods Manifest.lock */,
				4E80588425B6E96D00FC9776 /* Sources */,
				4E80588525B6E96D00FC9776 /* Frameworks */,
				4E80588625B6E96D00FC9776 /* Resources */,
				55C97D2EE4AB802C06485B47 /* [CP] Embed Pods Frameworks */,
			);
			buildRules = (
			);
			dependencies = (
			);
			name = CleanToDo;
			productName = CleanToDo;
			productReference = 4E80588825B6E96D00FC9776 /* CleanToDo.app */;
			productType = "com.apple.product-type.application";
		};
		4E80589D25B6E96E00FC9776 /* CleanToDoTests */ = {
			isa = PBXNativeTarget;
			buildConfigurationList = 4E8058B525B6E96E00FC9776 /* Build configuration list for PBXNativeTarget "CleanToDoTests" */;
			buildPhases = (
				E5E85F0FC720C06163EACFCF /* [CP] Check Pods Manifest.lock */,
				4E80589A25B6E96E00FC9776 /* Sources */,
				4E80589B25B6E96E00FC9776 /* Frameworks */,
				4E80589C25B6E96E00FC9776 /* Resources */,
			);
			buildRules = (
			);
			dependencies = (
				4E8058A025B6E96E00FC9776 /* PBXTargetDependency */,
			);
			name = CleanToDoTests;
			productName = CleanToDoTests;
			productReference = 4E80589E25B6E96E00FC9776 /* CleanToDoTests.xctest */;
			productType = "com.apple.product-type.bundle.unit-test";
		};
		4E8058A825B6E96E00FC9776 /* CleanToDoUITests */ = {
			isa = PBXNativeTarget;
			buildConfigurationList = 4E8058B825B6E96E00FC9776 /* Build configuration list for PBXNativeTarget "CleanToDoUITests" */;
			buildPhases = (
				0CF14E31A8C327C882098C6C /* [CP] Check Pods Manifest.lock */,
				4E8058A525B6E96E00FC9776 /* Sources */,
				4E8058A625B6E96E00FC9776 /* Frameworks */,
				4E8058A725B6E96E00FC9776 /* Resources */,
				24CEBC52C1978163A7ABBACA /* [CP] Embed Pods Frameworks */,
			);
			buildRules = (
			);
			dependencies = (
				4E8058AB25B6E96E00FC9776 /* PBXTargetDependency */,
			);
			name = CleanToDoUITests;
			productName = CleanToDoUITests;
			productReference = 4E8058A925B6E96E00FC9776 /* CleanToDoUITests.xctest */;
			productType = "com.apple.product-type.bundle.ui-testing";
		};
/* End PBXNativeTarget section */

/* Begin PBXProject section */
		4E80588025B6E96D00FC9776 /* Project object */ = {
			isa = PBXProject;
			attributes = {
				LastSwiftUpdateCheck = 1230;
				LastUpgradeCheck = 1230;
				TargetAttributes = {
					4E80588725B6E96D00FC9776 = {
						CreatedOnToolsVersion = 12.3;
					};
					4E80589D25B6E96E00FC9776 = {
						CreatedOnToolsVersion = 12.3;
						TestTargetID = 4E80588725B6E96D00FC9776;
					};
					4E8058A825B6E96E00FC9776 = {
						CreatedOnToolsVersion = 12.3;
						TestTargetID = 4E80588725B6E96D00FC9776;
					};
				};
			};
			buildConfigurationList = 4E80588325B6E96D00FC9776 /* Build configuration list for PBXProject "CleanToDo" */;
			compatibilityVersion = "Xcode 9.3";
			developmentRegion = en;
			hasScannedForEncodings = 0;
			knownRegions = (
				en,
				Base,
			);
			mainGroup = 4E80587F25B6E96C00FC9776;
			productRefGroup = 4E80588925B6E96D00FC9776 /* Products */;
			projectDirPath = "";
			projectRoot = "";
			targets = (
				4E80588725B6E96D00FC9776 /* CleanToDo */,
				4E80589D25B6E96E00FC9776 /* CleanToDoTests */,
				4E8058A825B6E96E00FC9776 /* CleanToDoUITests */,
			);
		};
/* End PBXProject section */

/* Begin PBXResourcesBuildPhase section */
		4E80588625B6E96D00FC9776 /* Resources */ = {
			isa = PBXResourcesBuildPhase;
			buildActionMask = 2147483647;
			files = (
				4E80589825B6E96E00FC9776 /* LaunchScreen.storyboard in Resources */,
				4E80589525B6E96E00FC9776 /* Assets.xcassets in Resources */,
				4E80589325B6E96D00FC9776 /* Main.storyboard in Resources */,
			);
			runOnlyForDeploymentPostprocessing = 0;
		};
		4E80589C25B6E96E00FC9776 /* Resources */ = {
			isa = PBXResourcesBuildPhase;
			buildActionMask = 2147483647;
			files = (
			);
			runOnlyForDeploymentPostprocessing = 0;
		};
		4E8058A725B6E96E00FC9776 /* Resources */ = {
			isa = PBXResourcesBuildPhase;
			buildActionMask = 2147483647;
			files = (
			);
			runOnlyForDeploymentPostprocessing = 0;
		};
/* End PBXResourcesBuildPhase section */

/* Begin PBXShellScriptBuildPhase section */
		0818C4E5A2910DB4C96738B3 /* [CP] Check Pods Manifest.lock */ = {
			isa = PBXShellScriptBuildPhase;
			buildActionMask = 2147483647;
			files = (
			);
			inputFileListPaths = (
			);
			inputPaths = (
				"${PODS_PODFILE_DIR_PATH}/Podfile.lock",
				"${PODS_ROOT}/Manifest.lock",
			);
			name = "[CP] Check Pods Manifest.lock";
			outputFileListPaths = (
			);
			outputPaths = (
				"$(DERIVED_FILE_DIR)/Pods-CleanToDo-checkManifestLockResult.txt",
			);
			runOnlyForDeploymentPostprocessing = 0;
			shellPath = /bin/sh;
			shellScript = "diff \"${PODS_PODFILE_DIR_PATH}/Podfile.lock\" \"${PODS_ROOT}/Manifest.lock\" > /dev/null\nif [ $? != 0 ] ; then\n    # print error to STDERR\n    echo \"error: The sandbox is not in sync with the Podfile.lock. Run 'pod install' or update your CocoaPods installation.\" >&2\n    exit 1\nfi\n# This output is used by Xcode 'outputs' to avoid re-running this script phase.\necho \"SUCCESS\" > \"${SCRIPT_OUTPUT_FILE_0}\"\n";
			showEnvVarsInLog = 0;
		};
		0CF14E31A8C327C882098C6C /* [CP] Check Pods Manifest.lock */ = {
			isa = PBXShellScriptBuildPhase;
			buildActionMask = 2147483647;
			files = (
			);
			inputFileListPaths = (
			);
			inputPaths = (
				"${PODS_PODFILE_DIR_PATH}/Podfile.lock",
				"${PODS_ROOT}/Manifest.lock",
			);
			name = "[CP] Check Pods Manifest.lock";
			outputFileListPaths = (
			);
			outputPaths = (
				"$(DERIVED_FILE_DIR)/Pods-CleanToDo-CleanToDoUITests-checkManifestLockResult.txt",
			);
			runOnlyForDeploymentPostprocessing = 0;
			shellPath = /bin/sh;
			shellScript = "diff \"${PODS_PODFILE_DIR_PATH}/Podfile.lock\" \"${PODS_ROOT}/Manifest.lock\" > /dev/null\nif [ $? != 0 ] ; then\n    # print error to STDERR\n    echo \"error: The sandbox is not in sync with the Podfile.lock. Run 'pod install' or update your CocoaPods installation.\" >&2\n    exit 1\nfi\n# This output is used by Xcode 'outputs' to avoid re-running this script phase.\necho \"SUCCESS\" > \"${SCRIPT_OUTPUT_FILE_0}\"\n";
			showEnvVarsInLog = 0;
		};
		24CEBC52C1978163A7ABBACA /* [CP] Embed Pods Frameworks */ = {
			isa = PBXShellScriptBuildPhase;
			buildActionMask = 2147483647;
			files = (
			);
			inputFileListPaths = (
				"${PODS_ROOT}/Target Support Files/Pods-CleanToDo-CleanToDoUITests/Pods-CleanToDo-CleanToDoUITests-frameworks-${CONFIGURATION}-input-files.xcfilelist",
			);
			name = "[CP] Embed Pods Frameworks";
			outputFileListPaths = (
				"${PODS_ROOT}/Target Support Files/Pods-CleanToDo-CleanToDoUITests/Pods-CleanToDo-CleanToDoUITests-frameworks-${CONFIGURATION}-output-files.xcfilelist",
			);
			runOnlyForDeploymentPostprocessing = 0;
			shellPath = /bin/sh;
			shellScript = "\"${PODS_ROOT}/Target Support Files/Pods-CleanToDo-CleanToDoUITests/Pods-CleanToDo-CleanToDoUITests-frameworks.sh\"\n";
			showEnvVarsInLog = 0;
		};
		55C97D2EE4AB802C06485B47 /* [CP] Embed Pods Frameworks */ = {
			isa = PBXShellScriptBuildPhase;
			buildActionMask = 2147483647;
			files = (
			);
			inputFileListPaths = (
				"${PODS_ROOT}/Target Support Files/Pods-CleanToDo/Pods-CleanToDo-frameworks-${CONFIGURATION}-input-files.xcfilelist",
			);
			name = "[CP] Embed Pods Frameworks";
			outputFileListPaths = (
				"${PODS_ROOT}/Target Support Files/Pods-CleanToDo/Pods-CleanToDo-frameworks-${CONFIGURATION}-output-files.xcfilelist",
			);
			runOnlyForDeploymentPostprocessing = 0;
			shellPath = /bin/sh;
			shellScript = "\"${PODS_ROOT}/Target Support Files/Pods-CleanToDo/Pods-CleanToDo-frameworks.sh\"\n";
			showEnvVarsInLog = 0;
		};
		E5E85F0FC720C06163EACFCF /* [CP] Check Pods Manifest.lock */ = {
			isa = PBXShellScriptBuildPhase;
			buildActionMask = 2147483647;
			files = (
			);
			inputFileListPaths = (
			);
			inputPaths = (
				"${PODS_PODFILE_DIR_PATH}/Podfile.lock",
				"${PODS_ROOT}/Manifest.lock",
			);
			name = "[CP] Check Pods Manifest.lock";
			outputFileListPaths = (
			);
			outputPaths = (
				"$(DERIVED_FILE_DIR)/Pods-CleanToDoTests-checkManifestLockResult.txt",
			);
			runOnlyForDeploymentPostprocessing = 0;
			shellPath = /bin/sh;
			shellScript = "diff \"${PODS_PODFILE_DIR_PATH}/Podfile.lock\" \"${PODS_ROOT}/Manifest.lock\" > /dev/null\nif [ $? != 0 ] ; then\n    # print error to STDERR\n    echo \"error: The sandbox is not in sync with the Podfile.lock. Run 'pod install' or update your CocoaPods installation.\" >&2\n    exit 1\nfi\n# This output is used by Xcode 'outputs' to avoid re-running this script phase.\necho \"SUCCESS\" > \"${SCRIPT_OUTPUT_FILE_0}\"\n";
			showEnvVarsInLog = 0;
		};
/* End PBXShellScriptBuildPhase section */

/* Begin PBXSourcesBuildPhase section */
		4E80588425B6E96D00FC9776 /* Sources */ = {
			isa = PBXSourcesBuildPhase;
			buildActionMask = 2147483647;
			files = (
				4E9C0E1225B6F1440045F522 /* Todo.swift in Sources */,
				4E9C0E5925B70D4E0045F522 /* DetailTodoModel.swift in Sources */,
				4E9C0E3B25B70D010045F522 /* AddTodoPresenter.swift in Sources */,
				4E9C0E4025B70D190045F522 /* AddTodoInteractor.swift in Sources */,
				4E9C0E3625B700970045F522 /* DetailTodoViewController.swift in Sources */,
				4E9C0E2E25B7008C0045F522 /* AddTodoViewController.swift in Sources */,
				4E9C0E1A25B6F5360045F522 /* DateExtension.swift in Sources */,
				4E9C0DF625B6EF8D0045F522 /* BaseLocal.swift in Sources */,
				4E9C0E4525B70D260045F522 /* AddTodoModel.swift in Sources */,
				4E9C0E4F25B70D3B0045F522 /* DetailTodoPresenter.swift in Sources */,
				4E9C0DE225B6EEF20045F522 /* ListTodoPresenter.swift in Sources */,
				4E9C0E5E25B70D560045F522 /* DetailTodoRouter.swift in Sources */,
				4E80589025B6E96D00FC9776 /* ListTodoViewController.swift in Sources */,
				4E80588C25B6E96D00FC9776 /* AppDelegate.swift in Sources */,
				4E9C0DE725B6EF120045F522 /* ListTodoInteractor.swift in Sources */,
				4E9C0E0525B6F1220045F522 /* TodoLocal.swift in Sources */,
				4E80588E25B6E96D00FC9776 /* SceneDelegate.swift in Sources */,
				4E9C0DF125B6EF3E0045F522 /* ListTodoRouter.swift in Sources */,
				4E9C0DEC25B6EF240045F522 /* ListTodoModel.swift in Sources */,
				4E9C0E1F25B6F53F0045F522 /* StringExtension.swift in Sources */,
				4E9C0E2525B6F9030045F522 /* TDError.swift in Sources */,
				4E9C0E4A25B70D300045F522 /* AddTodoRouter.swift in Sources */,
				4E9C0E0A25B6F12B0045F522 /* TodoWorker.swift in Sources */,
				4E9C0E6425B821800045F522 /* TodoCell.swift in Sources */,
				4E9C0E5425B70D460045F522 /* DetailTodoInteractor.swift in Sources */,
			);
			runOnlyForDeploymentPostprocessing = 0;
		};
		4E80589A25B6E96E00FC9776 /* Sources */ = {
			isa = PBXSourcesBuildPhase;
			buildActionMask = 2147483647;
			files = (
				4E8058A325B6E96E00FC9776 /* CleanToDoTests.swift in Sources */,
			);
			runOnlyForDeploymentPostprocessing = 0;
		};
		4E8058A525B6E96E00FC9776 /* Sources */ = {
			isa = PBXSourcesBuildPhase;
			buildActionMask = 2147483647;
			files = (
				4E8058AE25B6E96E00FC9776 /* CleanToDoUITests.swift in Sources */,
			);
			runOnlyForDeploymentPostprocessing = 0;
		};
/* End PBXSourcesBuildPhase section */

/* Begin PBXTargetDependency section */
		4E8058A025B6E96E00FC9776 /* PBXTargetDependency */ = {
			isa = PBXTargetDependency;
			target = 4E80588725B6E96D00FC9776 /* CleanToDo */;
			targetProxy = 4E80589F25B6E96E00FC9776 /* PBXContainerItemProxy */;
		};
		4E8058AB25B6E96E00FC9776 /* PBXTargetDependency */ = {
			isa = PBXTargetDependency;
			target = 4E80588725B6E96D00FC9776 /* CleanToDo */;
			targetProxy = 4E8058AA25B6E96E00FC9776 /* PBXContainerItemProxy */;
		};
/* End PBXTargetDependency section */

/* Begin PBXVariantGroup section */
		4E80589125B6E96D00FC9776 /* Main.storyboard */ = {
			isa = PBXVariantGroup;
			children = (
				4E80589225B6E96D00FC9776 /* Base */,
			);
			name = Main.storyboard;
			sourceTree = "<group>";
		};
		4E80589625B6E96E00FC9776 /* LaunchScreen.storyboard */ = {
			isa = PBXVariantGroup;
			children = (
				4E80589725B6E96E00FC9776 /* Base */,
			);
			name = LaunchScreen.storyboard;
			sourceTree = "<group>";
		};
/* End PBXVariantGroup section */

/* Begin XCBuildConfiguration section */
		4E8058B025B6E96E00FC9776 /* Debug */ = {
			isa = XCBuildConfiguration;
			buildSettings = {
				ALWAYS_SEARCH_USER_PATHS = NO;
				CLANG_ANALYZER_NONNULL = YES;
				CLANG_ANALYZER_NUMBER_OBJECT_CONVERSION = YES_AGGRESSIVE;
				CLANG_CXX_LANGUAGE_STANDARD = "gnu++14";
				CLANG_CXX_LIBRARY = "libc++";
				CLANG_ENABLE_MODULES = YES;
				CLANG_ENABLE_OBJC_ARC = YES;
				CLANG_ENABLE_OBJC_WEAK = YES;
				CLANG_WARN_BLOCK_CAPTURE_AUTORELEASING = YES;
				CLANG_WARN_BOOL_CONVERSION = YES;
				CLANG_WARN_COMMA = YES;
				CLANG_WARN_CONSTANT_CONVERSION = YES;
				CLANG_WARN_DEPRECATED_OBJC_IMPLEMENTATIONS = YES;
				CLANG_WARN_DIRECT_OBJC_ISA_USAGE = YES_ERROR;
				CLANG_WARN_DOCUMENTATION_COMMENTS = YES;
				CLANG_WARN_EMPTY_BODY = YES;
				CLANG_WARN_ENUM_CONVERSION = YES;
				CLANG_WARN_INFINITE_RECURSION = YES;
				CLANG_WARN_INT_CONVERSION = YES;
				CLANG_WARN_NON_LITERAL_NULL_CONVERSION = YES;
				CLANG_WARN_OBJC_IMPLICIT_RETAIN_SELF = YES;
				CLANG_WARN_OBJC_LITERAL_CONVERSION = YES;
				CLANG_WARN_OBJC_ROOT_CLASS = YES_ERROR;
				CLANG_WARN_QUOTED_INCLUDE_IN_FRAMEWORK_HEADER = YES;
				CLANG_WARN_RANGE_LOOP_ANALYSIS = YES;
				CLANG_WARN_STRICT_PROTOTYPES = YES;
				CLANG_WARN_SUSPICIOUS_MOVE = YES;
				CLANG_WARN_UNGUARDED_AVAILABILITY = YES_AGGRESSIVE;
				CLANG_WARN_UNREACHABLE_CODE = YES;
				CLANG_WARN__DUPLICATE_METHOD_MATCH = YES;
				COPY_PHASE_STRIP = NO;
				DEBUG_INFORMATION_FORMAT = dwarf;
				ENABLE_STRICT_OBJC_MSGSEND = YES;
				ENABLE_TESTABILITY = YES;
				GCC_C_LANGUAGE_STANDARD = gnu11;
				GCC_DYNAMIC_NO_PIC = NO;
				GCC_NO_COMMON_BLOCKS = YES;
				GCC_OPTIMIZATION_LEVEL = 0;
				GCC_PREPROCESSOR_DEFINITIONS = (
					"DEBUG=1",
					"$(inherited)",
				);
				GCC_WARN_64_TO_32_BIT_CONVERSION = YES;
				GCC_WARN_ABOUT_RETURN_TYPE = YES_ERROR;
				GCC_WARN_UNDECLARED_SELECTOR = YES;
				GCC_WARN_UNINITIALIZED_AUTOS = YES_AGGRESSIVE;
				GCC_WARN_UNUSED_FUNCTION = YES;
				GCC_WARN_UNUSED_VARIABLE = YES;
				IPHONEOS_DEPLOYMENT_TARGET = 14.3;
				MTL_ENABLE_DEBUG_INFO = INCLUDE_SOURCE;
				MTL_FAST_MATH = YES;
				ONLY_ACTIVE_ARCH = YES;
				SDKROOT = iphoneos;
				SWIFT_ACTIVE_COMPILATION_CONDITIONS = DEBUG;
				SWIFT_OPTIMIZATION_LEVEL = "-Onone";
			};
			name = Debug;
		};
		4E8058B125B6E96E00FC9776 /* Release */ = {
			isa = XCBuildConfiguration;
			buildSettings = {
				ALWAYS_SEARCH_USER_PATHS = NO;
				CLANG_ANALYZER_NONNULL = YES;
				CLANG_ANALYZER_NUMBER_OBJECT_CONVERSION = YES_AGGRESSIVE;
				CLANG_CXX_LANGUAGE_STANDARD = "gnu++14";
				CLANG_CXX_LIBRARY = "libc++";
				CLANG_ENABLE_MODULES = YES;
				CLANG_ENABLE_OBJC_ARC = YES;
				CLANG_ENABLE_OBJC_WEAK = YES;
				CLANG_WARN_BLOCK_CAPTURE_AUTORELEASING = YES;
				CLANG_WARN_BOOL_CONVERSION = YES;
				CLANG_WARN_COMMA = YES;
				CLANG_WARN_CONSTANT_CONVERSION = YES;
				CLANG_WARN_DEPRECATED_OBJC_IMPLEMENTATIONS = YES;
				CLANG_WARN_DIRECT_OBJC_ISA_USAGE = YES_ERROR;
				CLANG_WARN_DOCUMENTATION_COMMENTS = YES;
				CLANG_WARN_EMPTY_BODY = YES;
				CLANG_WARN_ENUM_CONVERSION = YES;
				CLANG_WARN_INFINITE_RECURSION = YES;
				CLANG_WARN_INT_CONVERSION = YES;
				CLANG_WARN_NON_LITERAL_NULL_CONVERSION = YES;
				CLANG_WARN_OBJC_IMPLICIT_RETAIN_SELF = YES;
				CLANG_WARN_OBJC_LITERAL_CONVERSION = YES;
				CLANG_WARN_OBJC_ROOT_CLASS = YES_ERROR;
				CLANG_WARN_QUOTED_INCLUDE_IN_FRAMEWORK_HEADER = YES;
				CLANG_WARN_RANGE_LOOP_ANALYSIS = YES;
				CLANG_WARN_STRICT_PROTOTYPES = YES;
				CLANG_WARN_SUSPICIOUS_MOVE = YES;
				CLANG_WARN_UNGUARDED_AVAILABILITY = YES_AGGRESSIVE;
				CLANG_WARN_UNREACHABLE_CODE = YES;
				CLANG_WARN__DUPLICATE_METHOD_MATCH = YES;
				COPY_PHASE_STRIP = NO;
				DEBUG_INFORMATION_FORMAT = "dwarf-with-dsym";
				ENABLE_NS_ASSERTIONS = NO;
				ENABLE_STRICT_OBJC_MSGSEND = YES;
				GCC_C_LANGUAGE_STANDARD = gnu11;
				GCC_NO_COMMON_BLOCKS = YES;
				GCC_WARN_64_TO_32_BIT_CONVERSION = YES;
				GCC_WARN_ABOUT_RETURN_TYPE = YES_ERROR;
				GCC_WARN_UNDECLARED_SELECTOR = YES;
				GCC_WARN_UNINITIALIZED_AUTOS = YES_AGGRESSIVE;
				GCC_WARN_UNUSED_FUNCTION = YES;
				GCC_WARN_UNUSED_VARIABLE = YES;
				IPHONEOS_DEPLOYMENT_TARGET = 14.3;
				MTL_ENABLE_DEBUG_INFO = NO;
				MTL_FAST_MATH = YES;
				SDKROOT = iphoneos;
				SWIFT_COMPILATION_MODE = wholemodule;
				SWIFT_OPTIMIZATION_LEVEL = "-O";
				VALIDATE_PRODUCT = YES;
			};
			name = Release;
		};
		4E8058B325B6E96E00FC9776 /* Debug */ = {
			isa = XCBuildConfiguration;
			baseConfigurationReference = 8B29C153555E432C71265CDC /* Pods-CleanToDo.debug.xcconfig */;
			buildSettings = {
				ASSETCATALOG_COMPILER_APPICON_NAME = AppIcon;
				ASSETCATALOG_COMPILER_GLOBAL_ACCENT_COLOR_NAME = AccentColor;
				CODE_SIGN_STYLE = Automatic;
				DEVELOPMENT_TEAM = 647NLFT7J5;
				INFOPLIST_FILE = CleanToDo/Info.plist;
				LD_RUNPATH_SEARCH_PATHS = (
					"$(inherited)",
					"@executable_path/Frameworks",
				);
				PRODUCT_BUNDLE_IDENTIFIER = com.park.CleanToDo;
				PRODUCT_NAME = "$(TARGET_NAME)";
				SWIFT_VERSION = 5.0;
				TARGETED_DEVICE_FAMILY = "1,2";
			};
			name = Debug;
		};
		4E8058B425B6E96E00FC9776 /* Release */ = {
			isa = XCBuildConfiguration;
			baseConfigurationReference = 79052806509300F147CB3C52 /* Pods-CleanToDo.release.xcconfig */;
			buildSettings = {
				ASSETCATALOG_COMPILER_APPICON_NAME = AppIcon;
				ASSETCATALOG_COMPILER_GLOBAL_ACCENT_COLOR_NAME = AccentColor;
				CODE_SIGN_STYLE = Automatic;
				DEVELOPMENT_TEAM = 647NLFT7J5;
				INFOPLIST_FILE = CleanToDo/Info.plist;
				LD_RUNPATH_SEARCH_PATHS = (
					"$(inherited)",
					"@executable_path/Frameworks",
				);
				PRODUCT_BUNDLE_IDENTIFIER = com.park.CleanToDo;
				PRODUCT_NAME = "$(TARGET_NAME)";
				SWIFT_VERSION = 5.0;
				TARGETED_DEVICE_FAMILY = "1,2";
			};
			name = Release;
		};
		4E8058B625B6E96E00FC9776 /* Debug */ = {
			isa = XCBuildConfiguration;
			baseConfigurationReference = E44AD2627228A85DB00DD3FF /* Pods-CleanToDoTests.debug.xcconfig */;
			buildSettings = {
				ALWAYS_EMBED_SWIFT_STANDARD_LIBRARIES = YES;
				BUNDLE_LOADER = "$(TEST_HOST)";
				CODE_SIGN_STYLE = Automatic;
				DEVELOPMENT_TEAM = 647NLFT7J5;
				INFOPLIST_FILE = CleanToDoTests/Info.plist;
				IPHONEOS_DEPLOYMENT_TARGET = 14.3;
				LD_RUNPATH_SEARCH_PATHS = (
					"$(inherited)",
					"@executable_path/Frameworks",
					"@loader_path/Frameworks",
				);
				PRODUCT_BUNDLE_IDENTIFIER = com.park.CleanToDoTests;
				PRODUCT_NAME = "$(TARGET_NAME)";
				SWIFT_VERSION = 5.0;
				TARGETED_DEVICE_FAMILY = "1,2";
				TEST_HOST = "$(BUILT_PRODUCTS_DIR)/CleanToDo.app/CleanToDo";
			};
			name = Debug;
		};
		4E8058B725B6E96E00FC9776 /* Release */ = {
			isa = XCBuildConfiguration;
			baseConfigurationReference = 64F127B966A30E9E557283E6 /* Pods-CleanToDoTests.release.xcconfig */;
			buildSettings = {
				ALWAYS_EMBED_SWIFT_STANDARD_LIBRARIES = YES;
				BUNDLE_LOADER = "$(TEST_HOST)";
				CODE_SIGN_STYLE = Automatic;
				DEVELOPMENT_TEAM = 647NLFT7J5;
				INFOPLIST_FILE = CleanToDoTests/Info.plist;
				IPHONEOS_DEPLOYMENT_TARGET = 14.3;
				LD_RUNPATH_SEARCH_PATHS = (
					"$(inherited)",
					"@executable_path/Frameworks",
					"@loader_path/Frameworks",
				);
				PRODUCT_BUNDLE_IDENTIFIER = com.park.CleanToDoTests;
				PRODUCT_NAME = "$(TARGET_NAME)";
				SWIFT_VERSION = 5.0;
				TARGETED_DEVICE_FAMILY = "1,2";
				TEST_HOST = "$(BUILT_PRODUCTS_DIR)/CleanToDo.app/CleanToDo";
			};
			name = Release;
		};
		4E8058B925B6E96E00FC9776 /* Debug */ = {
			isa = XCBuildConfiguration;
			baseConfigurationReference = C68528440C66ACB298C9C357 /* Pods-CleanToDo-CleanToDoUITests.debug.xcconfig */;
			buildSettings = {
				ALWAYS_EMBED_SWIFT_STANDARD_LIBRARIES = YES;
				CODE_SIGN_STYLE = Automatic;
				DEVELOPMENT_TEAM = 647NLFT7J5;
				INFOPLIST_FILE = CleanToDoUITests/Info.plist;
				LD_RUNPATH_SEARCH_PATHS = (
					"$(inherited)",
					"@executable_path/Frameworks",
					"@loader_path/Frameworks",
				);
				PRODUCT_BUNDLE_IDENTIFIER = com.park.CleanToDoUITests;
				PRODUCT_NAME = "$(TARGET_NAME)";
				SWIFT_VERSION = 5.0;
				TARGETED_DEVICE_FAMILY = "1,2";
				TEST_TARGET_NAME = CleanToDo;
			};
			name = Debug;
		};
		4E8058BA25B6E96E00FC9776 /* Release */ = {
			isa = XCBuildConfiguration;
			baseConfigurationReference = 0323197520960D100E9B919A /* Pods-CleanToDo-CleanToDoUITests.release.xcconfig */;
			buildSettings = {
				ALWAYS_EMBED_SWIFT_STANDARD_LIBRARIES = YES;
				CODE_SIGN_STYLE = Automatic;
				DEVELOPMENT_TEAM = 647NLFT7J5;
				INFOPLIST_FILE = CleanToDoUITests/Info.plist;
				LD_RUNPATH_SEARCH_PATHS = (
					"$(inherited)",
					"@executable_path/Frameworks",
					"@loader_path/Frameworks",
				);
				PRODUCT_BUNDLE_IDENTIFIER = com.park.CleanToDoUITests;
				PRODUCT_NAME = "$(TARGET_NAME)";
				SWIFT_VERSION = 5.0;
				TARGETED_DEVICE_FAMILY = "1,2";
				TEST_TARGET_NAME = CleanToDo;
			};
			name = Release;
		};
/* End XCBuildConfiguration section */

/* Begin XCConfigurationList section */
		4E80588325B6E96D00FC9776 /* Build configuration list for PBXProject "CleanToDo" */ = {
			isa = XCConfigurationList;
			buildConfigurations = (
				4E8058B025B6E96E00FC9776 /* Debug */,
				4E8058B125B6E96E00FC9776 /* Release */,
			);
			defaultConfigurationIsVisible = 0;
			defaultConfigurationName = Release;
		};
		4E8058B225B6E96E00FC9776 /* Build configuration list for PBXNativeTarget "CleanToDo" */ = {
			isa = XCConfigurationList;
			buildConfigurations = (
				4E8058B325B6E96E00FC9776 /* Debug */,
				4E8058B425B6E96E00FC9776 /* Release */,
			);
			defaultConfigurationIsVisible = 0;
			defaultConfigurationName = Release;
		};
		4E8058B525B6E96E00FC9776 /* Build configuration list for PBXNativeTarget "CleanToDoTests" */ = {
			isa = XCConfigurationList;
			buildConfigurations = (
				4E8058B625B6E96E00FC9776 /* Debug */,
				4E8058B725B6E96E00FC9776 /* Release */,
			);
			defaultConfigurationIsVisible = 0;
			defaultConfigurationName = Release;
		};
		4E8058B825B6E96E00FC9776 /* Build configuration list for PBXNativeTarget "CleanToDoUITests" */ = {
			isa = XCConfigurationList;
			buildConfigurations = (
				4E8058B925B6E96E00FC9776 /* Debug */,
				4E8058BA25B6E96E00FC9776 /* Release */,
			);
			defaultConfigurationIsVisible = 0;
			defaultConfigurationName = Release;
		};
/* End XCConfigurationList section */
	};
	rootObject = 4E80588025B6E96D00FC9776 /* Project object */;
}
